
Microsoft Visual Studio Solution File, Format Version 12.00
# Visual Studio Version 16
VisualStudioVersion = 16.0.31424.327
MinimumVisualStudioVersion = 10.0.40219.1
Project("{FAE04EC0-301F-11D3-BF4B-00C04F79EFBC}") = "SalesWebMvc", "SalesWebMvc\SalesWebMvc.csproj", "{AC4F8A53-1C8F-4929-BFBC-1E23614C3824}"
EndProject
Global
	GlobalSection(SolutionConfigurationPlatforms) = preSolution
		Debug|Any CPU = Debug|Any CPU
		Release|Any CPU = Release|Any CPU
	EndGlobalSection
	GlobalSection(ProjectConfigurationPlatforms) = postSolution
		{AC4F8A53-1C8F-4929-BFBC-1E23614C3824}.Debug|Any CPU.ActiveCfg = Debug|Any CPU
		{AC4F8A53-1C8F-4929-BFBC-1E23614C3824}.Debug|Any CPU.Build.0 = Debug|Any CPU
		{AC4F8A53-1C8F-4929-BFBC-1E23614C3824}.Release|Any CPU.ActiveCfg = Release|Any CPU
		{AC4F8A53-1C8F-4929-BFBC-1E23614C3824}.Release|Any CPU.Build.0 = Release|Any CPU
	EndGlobalSection
	GlobalSection(SolutionProperties) = preSolution
		HideSolutionNode = FALSE
	EndGlobalSection
	GlobalSection(ExtensibilityGlobals) = postSolution
		SolutionGuid = {699A2829-6B2A-422F-A265-1436179DD1F6}
	EndGlobalSection
EndGlobal
